PODS:
  - GRDB.swift (5.7.4):
    - GRDB.swift/standard (= 5.7.4)
  - GRDB.swift/standard (5.7.4)
  - LookinServer (1.0.0)
  - ObjectMapper (4.2.0)
  - SnapKit (5.0.1)
  - SwiftyJSON (4.3.0)

DEPENDENCIES:
  - GRDB.swift (~> 5.7.4)
  - LookinServer
  - ObjectMapper
  - SnapKit
  - SwiftyJSON (~> 4.0)

SPEC REPOS:
  trunk:
    - GRDB.swift
    - LookinServer
    - ObjectMapper
    - SnapKit
    - SwiftyJSON

SPEC CHECKSUMS:
  GRDB.swift: 2064e726141f130d0b8bd819b29086f2b1157597
  LookinServer: 0002891cd3cec5e082a910e897dfe71b4f06b89e
  ObjectMapper: 1eb41f610210777375fa806bf161dc39fb832b81
  SnapKit: 97b92857e3df3a0c71833cce143274bf6ef8e5eb
  SwiftyJSON: 6faa0040f8b59dead0ee07436cbf76b73c08fd08

PODFILE CHECKSUM: 5066c2de1169c5db71496ad1590394fbb5634d85

COCOAPODS: 1.11.3
