PODS:
  - GRDB.swift (5.7.4):
    - GRDB.swift/standard (= 5.7.4)
  - GRDB.swift/standard (5.7.4)
  - LookinServer (1.0.6)
  - ObjectMapper (4.2.0)
  - SnapKit (5.6.0)
  - SwiftyJSON (4.3.0)

DEPENDENCIES:
  - GRDB.swift (~> 5.7.4)
  - LookinServer
  - ObjectMapper
  - SnapKit
  - SwiftyJSON (~> 4.0)

SPEC REPOS:
  trunk:
    - GRDB.swift
    - LookinServer
    - ObjectMapper
    - SnapKit
    - SwiftyJSON

SPEC CHECKSUMS:
  GRDB.swift: 2064e726141f130d0b8bd819b29086f2b1157597
  LookinServer: 18155b1e4a08213c236a1dd6b7ca52328a70a1e3
  ObjectMapper: 1eb41f610210777375fa806bf161dc39fb832b81
  SnapKit: e01d52ebb8ddbc333eefe2132acf85c8227d9c25
  SwiftyJSON: 6faa0040f8b59dead0ee07436cbf76b73c08fd08

PODFILE CHECKSUM: e666d9347775535b9356a350de5cf25cd32755d3

COCOAPODS: 1.11.2
